// !$*UTF8*$!
{
	archiveVersion = 1;
	classes = {
	};
	objectVersion = 46;
	objects = {

/* Begin PBXBuildFile section */
		1ED4E01B1F72E41B0005043A /* AppDelegate.swift in Sources */ = {isa = PBXBuildFile; fileRef = 1ED4E01A1F72E41B0005043A /* AppDelegate.swift */; };
		1ED4E0201F72E41B0005043A /* Main.storyboard in Resources */ = {isa = PBXBuildFile; fileRef = 1ED4E01E1F72E41B0005043A /* Main.storyboard */; };
		1ED4E0221F72E41B0005043A /* Assets.xcassets in Resources */ = {isa = PBXBuildFile; fileRef = 1ED4E0211F72E41B0005043A /* Assets.xcassets */; };
		1ED4E0251F72E41B0005043A /* LaunchScreen.storyboard in Resources */ = {isa = PBXBuildFile; fileRef = 1ED4E0231F72E41B0005043A /* LaunchScreen.storyboard */; };
		1ED4E0301F72E41B0005043A /* ribotsTests.swift in Sources */ = {isa = PBXBuildFile; fileRef = 1ED4E02F1F72E41B0005043A /* ribotsTests.swift */; };
		1ED4E03C1F72E5640005043A /* API.swift in Sources */ = {isa = PBXBuildFile; fileRef = 1ED4E03B1F72E5640005043A /* API.swift */; };
		1ED4E03F1F72E5940005043A /* Ribot.swift in Sources */ = {isa = PBXBuildFile; fileRef = 1ED4E03E1F72E5940005043A /* Ribot.swift */; };
		1ED4E0411F72E7A10005043A /* Name.swift in Sources */ = {isa = PBXBuildFile; fileRef = 1ED4E0401F72E7A10005043A /* Name.swift */; };
		1ED4E0481F72EF890005043A /* MainCell.swift in Sources */ = {isa = PBXBuildFile; fileRef = 1ED4E0471F72EF890005043A /* MainCell.swift */; };
		1ED4E04A1F72F1FD0005043A /* MainViewController.swift in Sources */ = {isa = PBXBuildFile; fileRef = 1ED4E0491F72F1FD0005043A /* MainViewController.swift */; };
		6D1645BA450F87876D9DD49B /* Pods_ribotsTests.framework in Frameworks */ = {isa = PBXBuildFile; fileRef = C935C2647D7F2944DC704FF2 /* Pods_ribotsTests.framework */; };
		C81534E3466CE9569F175076 /* Pods_ribots.framework in Frameworks */ = {isa = PBXBuildFile; fileRef = 78FFD6A469B1E5481F331102 /* Pods_ribots.framework */; };
/* End PBXBuildFile section */

/* Begin PBXContainerItemProxy section */
		1ED4E02C1F72E41B0005043A /* PBXContainerItemProxy */ = {
			isa = PBXContainerItemProxy;
			containerPortal = 1ED4E00F1F72E41B0005043A /* Project object */;
			proxyType = 1;
			remoteGlobalIDString = 1ED4E0161F72E41B0005043A;
			remoteInfo = ribots;
		};
/* End PBXContainerItemProxy section */

/* Begin PBXFileReference section */
		1ED4E0171F72E41B0005043A /* ribots.app */ = {isa = PBXFileReference; explicitFileType = wrapper.application; includeInIndex = 0; path = ribots.app; sourceTree = BUILT_PRODUCTS_DIR; };
		1ED4E01A1F72E41B0005043A /* AppDelegate.swift */ = {isa = PBXFileReference; lastKnownFileType = sourcecode.swift; path = AppDelegate.swift; sourceTree = "<group>"; };
		1ED4E01F1F72E41B0005043A /* Base */ = {isa = PBXFileReference; lastKnownFileType = file.storyboard; name = Base; path = Base.lproj/Main.storyboard; sourceTree = "<group>"; };
		1ED4E0211F72E41B0005043A /* Assets.xcassets */ = {isa = PBXFileReference; lastKnownFileType = folder.assetcatalog; path = Assets.xcassets; sourceTree = "<group>"; };
		1ED4E0241F72E41B0005043A /* Base */ = {isa = PBXFileReference; lastKnownFileType = file.storyboard; name = Base; path = Base.lproj/LaunchScreen.storyboard; sourceTree = "<group>"; };
		1ED4E0261F72E41B0005043A /* Info.plist */ = {isa = PBXFileReference; lastKnownFileType = text.plist.xml; path = Info.plist; sourceTree = "<group>"; };
		1ED4E02B1F72E41B0005043A /* ribotsTests.xctest */ = {isa = PBXFileReference; explicitFileType = wrapper.cfbundle; includeInIndex = 0; path = ribotsTests.xctest; sourceTree = BUILT_PRODUCTS_DIR; };
		1ED4E02F1F72E41B0005043A /* ribotsTests.swift */ = {isa = PBXFileReference; lastKnownFileType = sourcecode.swift; path = ribotsTests.swift; sourceTree = "<group>"; };
		1ED4E0311F72E41B0005043A /* Info.plist */ = {isa = PBXFileReference; lastKnownFileType = text.plist.xml; path = Info.plist; sourceTree = "<group>"; };
		1ED4E03B1F72E5640005043A /* API.swift */ = {isa = PBXFileReference; fileEncoding = 4; lastKnownFileType = sourcecode.swift; path = API.swift; sourceTree = "<group>"; };
		1ED4E03E1F72E5940005043A /* Ribot.swift */ = {isa = PBXFileReference; fileEncoding = 4; lastKnownFileType = sourcecode.swift; path = Ribot.swift; sourceTree = "<group>"; };
		1ED4E0401F72E7A10005043A /* Name.swift */ = {isa = PBXFileReference; fileEncoding = 4; lastKnownFileType = sourcecode.swift; path = Name.swift; sourceTree = "<group>"; };
		1ED4E0471F72EF890005043A /* MainCell.swift */ = {isa = PBXFileReference; fileEncoding = 4; lastKnownFileType = sourcecode.swift; path = MainCell.swift; sourceTree = "<group>"; };
		1ED4E0491F72F1FD0005043A /* MainViewController.swift */ = {isa = PBXFileReference; fileEncoding = 4; lastKnownFileType = sourcecode.swift; lineEnding = 0; path = MainViewController.swift; sourceTree = "<group>"; };
		4C0B6B4DE56FE6B3369F381C /* Pods-ribotsTests.debug.xcconfig */ = {isa = PBXFileReference; includeInIndex = 1; lastKnownFileType = text.xcconfig; name = "Pods-ribotsTests.debug.xcconfig"; path = "Pods/Target Support Files/Pods-ribotsTests/Pods-ribotsTests.debug.xcconfig"; sourceTree = "<group>"; };
		74B352B531BC40A70A57632E /* Pods-ribotsTests.release.xcconfig */ = {isa = PBXFileReference; includeInIndex = 1; lastKnownFileType = text.xcconfig; name = "Pods-ribotsTests.release.xcconfig"; path = "Pods/Target Support Files/Pods-ribotsTests/Pods-ribotsTests.release.xcconfig"; sourceTree = "<group>"; };
		78FFD6A469B1E5481F331102 /* Pods_ribots.framework */ = {isa = PBXFileReference; explicitFileType = wrapper.framework; includeInIndex = 0; path = Pods_ribots.framework; sourceTree = BUILT_PRODUCTS_DIR; };
		83747B1FD62FD68C43EF071E /* Pods-ribots.release.xcconfig */ = {isa = PBXFileReference; includeInIndex = 1; lastKnownFileType = text.xcconfig; name = "Pods-ribots.release.xcconfig"; path = "Pods/Target Support Files/Pods-ribots/Pods-ribots.release.xcconfig"; sourceTree = "<group>"; };
		C935C2647D7F2944DC704FF2 /* Pods_ribotsTests.framework */ = {isa = PBXFileReference; explicitFileType = wrapper.framework; includeInIndex = 0; path = Pods_ribotsTests.framework; sourceTree = BUILT_PRODUCTS_DIR; };
		EE62B1F922C122A37CCE3CF4 /* Pods-ribots.debug.xcconfig */ = {isa = PBXFileReference; includeInIndex = 1; lastKnownFileType = text.xcconfig; name = "Pods-ribots.debug.xcconfig"; path = "Pods/Target Support Files/Pods-ribots/Pods-ribots.debug.xcconfig"; sourceTree = "<group>"; };
/* End PBXFileReference section */

/* Begin PBXFrameworksBuildPhase section */
		1ED4E0141F72E41B0005043A /* Frameworks */ = {
			isa = PBXFrameworksBuildPhase;
			buildActionMask = 2147483647;
			files = (
				C81534E3466CE9569F175076 /* Pods_ribots.framework in Frameworks */,
			);
			runOnlyForDeploymentPostprocessing = 0;
		};
		1ED4E0281F72E41B0005043A /* Frameworks */ = {
			isa = PBXFrameworksBuildPhase;
			buildActionMask = 2147483647;
			files = (
				6D1645BA450F87876D9DD49B /* Pods_ribotsTests.framework in Frameworks */,
			);
			runOnlyForDeploymentPostprocessing = 0;
		};
/* End PBXFrameworksBuildPhase section */

/* Begin PBXGroup section */
		1ED4E00E1F72E41B0005043A = {
			isa = PBXGroup;
			children = (
				1ED4E0191F72E41B0005043A /* ribots */,
				1ED4E02E1F72E41B0005043A /* ribotsTests */,
				1ED4E0181F72E41B0005043A /* Products */,
				BD9041F80E061C7C75182022 /* Pods */,
				67A36B24B36A214DA18775EA /* Frameworks */,
			);
			sourceTree = "<group>";
		};
		1ED4E0181F72E41B0005043A /* Products */ = {
			isa = PBXGroup;
			children = (
				1ED4E0171F72E41B0005043A /* ribots.app */,
				1ED4E02B1F72E41B0005043A /* ribotsTests.xctest */,
			);
			name = Products;
			sourceTree = "<group>";
		};
		1ED4E0191F72E41B0005043A /* ribots */ = {
			isa = PBXGroup;
			children = (
				1ED4E03A1F72E5510005043A /* API */,
				1ED4E0421F72ED030005043A /* ViewControllers */,
				1ED4E0451F72EF550005043A /* Components */,
				1ED4E01A1F72E41B0005043A /* AppDelegate.swift */,
				1ED4E01E1F72E41B0005043A /* Main.storyboard */,
				1ED4E0211F72E41B0005043A /* Assets.xcassets */,
				1ED4E0231F72E41B0005043A /* LaunchScreen.storyboard */,
				1ED4E0261F72E41B0005043A /* Info.plist */,
			);
			path = ribots;
			sourceTree = "<group>";
		};
		1ED4E02E1F72E41B0005043A /* ribotsTests */ = {
			isa = PBXGroup;
			children = (
				1ED4E02F1F72E41B0005043A /* ribotsTests.swift */,
				1ED4E0311F72E41B0005043A /* Info.plist */,
			);
			path = ribotsTests;
			sourceTree = "<group>";
		};
		1ED4E03A1F72E5510005043A /* API */ = {
			isa = PBXGroup;
			children = (
				1ED4E03D1F72E5850005043A /* Models */,
				1ED4E03B1F72E5640005043A /* API.swift */,
			);
			name = API;
			sourceTree = "<group>";
		};
		1ED4E03D1F72E5850005043A /* Models */ = {
			isa = PBXGroup;
			children = (
				1ED4E03E1F72E5940005043A /* Ribot.swift */,
				1ED4E0401F72E7A10005043A /* Name.swift */,
			);
			name = Models;
			sourceTree = "<group>";
		};
		1ED4E0421F72ED030005043A /* ViewControllers */ = {
			isa = PBXGroup;
			children = (
				1ED4E0491F72F1FD0005043A /* MainViewController.swift */,
			);
			name = ViewControllers;
			sourceTree = "<group>";
		};
		1ED4E0451F72EF550005043A /* Components */ = {
			isa = PBXGroup;
			children = (
				1ED4E0461F72EF5E0005043A /* Cells */,
			);
			name = Components;
			sourceTree = "<group>";
		};
		1ED4E0461F72EF5E0005043A /* Cells */ = {
			isa = PBXGroup;
			children = (
				1ED4E0471F72EF890005043A /* MainCell.swift */,
			);
			name = Cells;
			sourceTree = "<group>";
		};
		67A36B24B36A214DA18775EA /* Frameworks */ = {
			isa = PBXGroup;
			children = (
				78FFD6A469B1E5481F331102 /* Pods_ribots.framework */,
				C935C2647D7F2944DC704FF2 /* Pods_ribotsTests.framework */,
			);
			name = Frameworks;
			sourceTree = "<group>";
		};
		BD9041F80E061C7C75182022 /* Pods */ = {
			isa = PBXGroup;
			children = (
				EE62B1F922C122A37CCE3CF4 /* Pods-ribots.debug.xcconfig */,
				83747B1FD62FD68C43EF071E /* Pods-ribots.release.xcconfig */,
				4C0B6B4DE56FE6B3369F381C /* Pods-ribotsTests.debug.xcconfig */,
				74B352B531BC40A70A57632E /* Pods-ribotsTests.release.xcconfig */,
			);
			name = Pods;
			sourceTree = "<group>";
		};
/* End PBXGroup section */

/* Begin PBXNativeTarget section */
		1ED4E0161F72E41B0005043A /* ribots */ = {
			isa = PBXNativeTarget;
			buildConfigurationList = 1ED4E0341F72E41B0005043A /* Build configuration list for PBXNativeTarget "ribots" */;
			buildPhases = (
				95CF969C02ACFF14A81C5396 /* [CP] Check Pods Manifest.lock */,
				1ED4E0131F72E41B0005043A /* Sources */,
				1ED4E0141F72E41B0005043A /* Frameworks */,
				1ED4E0151F72E41B0005043A /* Resources */,
				ADACB99926EB6C0DD28731C3 /* [CP] Embed Pods Frameworks */,
				AF053F940E00D049DCFF3BE3 /* [CP] Copy Pods Resources */,
			);
			buildRules = (
			);
			dependencies = (
			);
			name = ribots;
			productName = ribots;
			productReference = 1ED4E0171F72E41B0005043A /* ribots.app */;
			productType = "com.apple.product-type.application";
		};
		1ED4E02A1F72E41B0005043A /* ribotsTests */ = {
			isa = PBXNativeTarget;
			buildConfigurationList = 1ED4E0371F72E41B0005043A /* Build configuration list for PBXNativeTarget "ribotsTests" */;
			buildPhases = (
				B699CF6F3FF46D4019B73F39 /* [CP] Check Pods Manifest.lock */,
				1ED4E0271F72E41B0005043A /* Sources */,
				1ED4E0281F72E41B0005043A /* Frameworks */,
				1ED4E0291F72E41B0005043A /* Resources */,
				5A826A55BC47F90BBC133170 /* [CP] Embed Pods Frameworks */,
				A94AA9651C1F7879D26022BA /* [CP] Copy Pods Resources */,
			);
			buildRules = (
			);
			dependencies = (
				1ED4E02D1F72E41B0005043A /* PBXTargetDependency */,
			);
			name = ribotsTests;
			productName = ribotsTests;
			productReference = 1ED4E02B1F72E41B0005043A /* ribotsTests.xctest */;
			productType = "com.apple.product-type.bundle.unit-test";
		};
/* End PBXNativeTarget section */

/* Begin PBXProject section */
		1ED4E00F1F72E41B0005043A /* Project object */ = {
			isa = PBXProject;
			attributes = {
				LastSwiftUpdateCheck = 0830;
				LastUpgradeCheck = 0830;
				ORGANIZATIONNAME = "Jano Amigo";
				TargetAttributes = {
					1ED4E0161F72E41B0005043A = {
						CreatedOnToolsVersion = 8.3.3;
						ProvisioningStyle = Automatic;
					};
					1ED4E02A1F72E41B0005043A = {
						CreatedOnToolsVersion = 8.3.3;
						ProvisioningStyle = Automatic;
						TestTargetID = 1ED4E0161F72E41B0005043A;
					};
				};
			};
			buildConfigurationList = 1ED4E0121F72E41B0005043A /* Build configuration list for PBXProject "ribots" */;
			compatibilityVersion = "Xcode 3.2";
			developmentRegion = English;
			hasScannedForEncodings = 0;
			knownRegions = (
				en,
				Base,
			);
			mainGroup = 1ED4E00E1F72E41B0005043A;
			productRefGroup = 1ED4E0181F72E41B0005043A /* Products */;
			projectDirPath = "";
			projectRoot = "";
			targets = (
				1ED4E0161F72E41B0005043A /* ribots */,
				1ED4E02A1F72E41B0005043A /* ribotsTests */,
			);
		};
/* End PBXProject section */

/* Begin PBXResourcesBuildPhase section */
		1ED4E0151F72E41B0005043A /* Resources */ = {
			isa = PBXResourcesBuildPhase;
			buildActionMask = 2147483647;
			files = (
				1ED4E0251F72E41B0005043A /* LaunchScreen.storyboard in Resources */,
				1ED4E0221F72E41B0005043A /* Assets.xcassets in Resources */,
				1ED4E0201F72E41B0005043A /* Main.storyboard in Resources */,
			);
			runOnlyForDeploymentPostprocessing = 0;
		};
		1ED4E0291F72E41B0005043A /* Resources */ = {
			isa = PBXResourcesBuildPhase;
			buildActionMask = 2147483647;
			files = (
			);
			runOnlyForDeploymentPostprocessing = 0;
		};
/* End PBXResourcesBuildPhase section */

/* Begin PBXShellScriptBuildPhase section */
		5A826A55BC47F90BBC133170 /* [CP] Embed Pods Frameworks */ = {
			isa = PBXShellScriptBuildPhase;
			buildActionMask = 2147483647;
			files = (
			);
			inputPaths = (
			);
			name = "[CP] Embed Pods Frameworks";
			outputPaths = (
			);
			runOnlyForDeploymentPostprocessing = 0;
			shellPath = /bin/sh;
			shellScript = "\"${SRCROOT}/Pods/Target Support Files/Pods-ribotsTests/Pods-ribotsTests-frameworks.sh\"\n";
			showEnvVarsInLog = 0;
		};
		95CF969C02ACFF14A81C5396 /* [CP] Check Pods Manifest.lock */ = {
			isa = PBXShellScriptBuildPhase;
			buildActionMask = 2147483647;
			files = (
			);
			inputPaths = (
			);
			name = "[CP] Check Pods Manifest.lock";
			outputPaths = (
			);
			runOnlyForDeploymentPostprocessing = 0;
			shellPath = /bin/sh;
			shellScript = "diff \"${PODS_ROOT}/../Podfile.lock\" \"${PODS_ROOT}/Manifest.lock\" > /dev/null\nif [ $? != 0 ] ; then\n    # print error to STDERR\n    echo \"error: The sandbox is not in sync with the Podfile.lock. Run 'pod install' or update your CocoaPods installation.\" >&2\n    exit 1\nfi\n";
			showEnvVarsInLog = 0;
		};
		A94AA9651C1F7879D26022BA /* [CP] Copy Pods Resources */ = {
			isa = PBXShellScriptBuildPhase;
			buildActionMask = 2147483647;
			files = (
			);
			inputPaths = (
			);
			name = "[CP] Copy Pods Resources";
			outputPaths = (
			);
			runOnlyForDeploymentPostprocessing = 0;
			shellPath = /bin/sh;
			shellScript = "\"${SRCROOT}/Pods/Target Support Files/Pods-ribotsTests/Pods-ribotsTests-resources.sh\"\n";
			showEnvVarsInLog = 0;
		};
		ADACB99926EB6C0DD28731C3 /* [CP] Embed Pods Frameworks */ = {
			isa = PBXShellScriptBuildPhase;
			buildActionMask = 2147483647;
			files = (
			);
			inputPaths = (
			);
			name = "[CP] Embed Pods Frameworks";
			outputPaths = (
			);
			runOnlyForDeploymentPostprocessing = 0;
			shellPath = /bin/sh;
			shellScript = "\"${SRCROOT}/Pods/Target Support Files/Pods-ribots/Pods-ribots-frameworks.sh\"\n";
			showEnvVarsInLog = 0;
		};
		AF053F940E00D049DCFF3BE3 /* [CP] Copy Pods Resources */ = {
			isa = PBXShellScriptBuildPhase;
			buildActionMask = 2147483647;
			files = (
			);
			inputPaths = (
			);
			name = "[CP] Copy Pods Resources";
			outputPaths = (
			);
			runOnlyForDeploymentPostprocessing = 0;
			shellPath = /bin/sh;
			shellScript = "\"${SRCROOT}/Pods/Target Support Files/Pods-ribots/Pods-ribots-resources.sh\"\n";
			showEnvVarsInLog = 0;
		};
		B699CF6F3FF46D4019B73F39 /* [CP] Check Pods Manifest.lock */ = {
			isa = PBXShellScriptBuildPhase;
			buildActionMask = 2147483647;
			files = (
			);
			inputPaths = (
			);
			name = "[CP] Check Pods Manifest.lock";
			outputPaths = (
			);
			runOnlyForDeploymentPostprocessing = 0;
			shellPath = /bin/sh;
			shellScript = "diff \"${PODS_ROOT}/../Podfile.lock\" \"${PODS_ROOT}/Manifest.lock\" > /dev/null\nif [ $? != 0 ] ; then\n    # print error to STDERR\n    echo \"error: The sandbox is not in sync with the Podfile.lock. Run 'pod install' or update your CocoaPods installation.\" >&2\n    exit 1\nfi\n";
			showEnvVarsInLog = 0;
		};
/* End PBXShellScriptBuildPhase section */

/* Begin PBXSourcesBuildPhase section */
		1ED4E0131F72E41B0005043A /* Sources */ = {
			isa = PBXSourcesBuildPhase;
			buildActionMask = 2147483647;
			files = (
				1ED4E03C1F72E5640005043A /* API.swift in Sources */,
				1ED4E03F1F72E5940005043A /* Ribot.swift in Sources */,
				1ED4E0481F72EF890005043A /* MainCell.swift in Sources */,
				1ED4E01B1F72E41B0005043A /* AppDelegate.swift in Sources */,
				1ED4E0411F72E7A10005043A /* Name.swift in Sources */,
				1ED4E04A1F72F1FD0005043A /* MainViewController.swift in Sources */,
			);
			runOnlyForDeploymentPostprocessing = 0;
		};
		1ED4E0271F72E41B0005043A /* Sources */ = {
			isa = PBXSourcesBuildPhase;
			buildActionMask = 2147483647;
			files = (
				1ED4E0301F72E41B0005043A /* ribotsTests.swift in Sources */,
			);
			runOnlyForDeploymentPostprocessing = 0;
		};
/* End PBXSourcesBuildPhase section */

/* Begin PBXTargetDependency section */
		1ED4E02D1F72E41B0005043A /* PBXTargetDependency */ = {
			isa = PBXTargetDependency;
			target = 1ED4E0161F72E41B0005043A /* ribots */;
			targetProxy = 1ED4E02C1F72E41B0005043A /* PBXContainerItemProxy */;
		};
/* End PBXTargetDependency section */

/* Begin PBXVariantGroup section */
		1ED4E01E1F72E41B0005043A /* Main.storyboard */ = {
			isa = PBXVariantGroup;
			children = (
				1ED4E01F1F72E41B0005043A /* Base */,
			);
			name = Main.storyboard;
			sourceTree = "<group>";
		};
		1ED4E0231F72E41B0005043A /* LaunchScreen.storyboard */ = {
			isa = PBXVariantGroup;
			children = (
				1ED4E0241F72E41B0005043A /* Base */,
			);
			name = LaunchScreen.storyboard;
			sourceTree = "<group>";
		};
/* End PBXVariantGroup section */

/* Begin XCBuildConfiguration section */
		1ED4E0321F72E41B0005043A /* Debug */ = {
			isa = XCBuildConfiguration;
			buildSettings = {
				ALWAYS_SEARCH_USER_PATHS = NO;
				CLANG_ANALYZER_NONNULL = YES;
				CLANG_ANALYZER_NUMBER_OBJECT_CONVERSION = YES_AGGRESSIVE;
				CLANG_CXX_LANGUAGE_STANDARD = "gnu++0x";
				CLANG_CXX_LIBRARY = "libc++";
				CLANG_ENABLE_MODULES = YES;
				CLANG_ENABLE_OBJC_ARC = YES;
				CLANG_WARN_BOOL_CONVERSION = YES;
				CLANG_WARN_CONSTANT_CONVERSION = YES;
				CLANG_WARN_DIRECT_OBJC_ISA_USAGE = YES_ERROR;
				CLANG_WARN_DOCUMENTATION_COMMENTS = YES;
				CLANG_WARN_EMPTY_BODY = YES;
				CLANG_WARN_ENUM_CONVERSION = YES;
				CLANG_WARN_INFINITE_RECURSION = YES;
				CLANG_WARN_INT_CONVERSION = YES;
				CLANG_WARN_OBJC_ROOT_CLASS = YES_ERROR;
				CLANG_WARN_SUSPICIOUS_MOVE = YES;
				CLANG_WARN_UNREACHABLE_CODE = YES;
				CLANG_WARN__DUPLICATE_METHOD_MATCH = YES;
				"CODE_SIGN_IDENTITY[sdk=iphoneos*]" = "iPhone Developer";
				COPY_PHASE_STRIP = NO;
				DEBUG_INFORMATION_FORMAT = dwarf;
				ENABLE_STRICT_OBJC_MSGSEND = YES;
				ENABLE_TESTABILITY = YES;
				GCC_C_LANGUAGE_STANDARD = gnu99;
				GCC_DYNAMIC_NO_PIC = NO;
				GCC_NO_COMMON_BLOCKS = YES;
				GCC_OPTIMIZATION_LEVEL = 0;
				GCC_PREPROCESSOR_DEFINITIONS = (
					"DEBUG=1",
					"$(inherited)",
				);
				GCC_WARN_64_TO_32_BIT_CONVERSION = YES;
				GCC_WARN_ABOUT_RETURN_TYPE = YES_ERROR;
				GCC_WARN_UNDECLARED_SELECTOR = YES;
				GCC_WARN_UNINITIALIZED_AUTOS = YES_AGGRESSIVE;
				GCC_WARN_UNUSED_FUNCTION = YES;
				GCC_WARN_UNUSED_VARIABLE = YES;
				IPHONEOS_DEPLOYMENT_TARGET = 10.3;
				MTL_ENABLE_DEBUG_INFO = YES;
				ONLY_ACTIVE_ARCH = YES;
				SDKROOT = iphoneos;
				SWIFT_ACTIVE_COMPILATION_CONDITIONS = DEBUG;
				SWIFT_OPTIMIZATION_LEVEL = "-Onone";
				TARGETED_DEVICE_FAMILY = "1,2";
			};
			name = Debug;
		};
		1ED4E0331F72E41B0005043A /* Release */ = {
			isa = XCBuildConfiguration;
			buildSettings = {
				ALWAYS_SEARCH_USER_PATHS = NO;
				CLANG_ANALYZER_NONNULL = YES;
				CLANG_ANALYZER_NUMBER_OBJECT_CONVERSION = YES_AGGRESSIVE;
				CLANG_CXX_LANGUAGE_STANDARD = "gnu++0x";
				CLANG_CXX_LIBRARY = "libc++";
				CLANG_ENABLE_MODULES = YES;
				CLANG_ENABLE_OBJC_ARC = YES;
				CLANG_WARN_BOOL_CONVERSION = YES;
				CLANG_WARN_CONSTANT_CONVERSION = YES;
				CLANG_WARN_DIRECT_OBJC_ISA_USAGE = YES_ERROR;
				CLANG_WARN_DOCUMENTATION_COMMENTS = YES;
				CLANG_WARN_EMPTY_BODY = YES;
				CLANG_WARN_ENUM_CONVERSION = YES;
				CLANG_WARN_INFINITE_RECURSION = YES;
				CLANG_WARN_INT_CONVERSION = YES;
				CLANG_WARN_OBJC_ROOT_CLASS = YES_ERROR;
				CLANG_WARN_SUSPICIOUS_MOVE = YES;
				CLANG_WARN_UNREACHABLE_CODE = YES;
				CLANG_WARN__DUPLICATE_METHOD_MATCH = YES;
				"CODE_SIGN_IDENTITY[sdk=iphoneos*]" = "iPhone Developer";
				COPY_PHASE_STRIP = NO;
				DEBUG_INFORMATION_FORMAT = "dwarf-with-dsym";
				ENABLE_NS_ASSERTIONS = NO;
				ENABLE_STRICT_OBJC_MSGSEND = YES;
				GCC_C_LANGUAGE_STANDARD = gnu99;
				GCC_NO_COMMON_BLOCKS = YES;
				GCC_WARN_64_TO_32_BIT_CONVERSION = YES;
				GCC_WARN_ABOUT_RETURN_TYPE = YES_ERROR;
				GCC_WARN_UNDECLARED_SELECTOR = YES;
				GCC_WARN_UNINITIALIZED_AUTOS = YES_AGGRESSIVE;
				GCC_WARN_UNUSED_FUNCTION = YES;
				GCC_WARN_UNUSED_VARIABLE = YES;
				IPHONEOS_DEPLOYMENT_TARGET = 10.3;
				MTL_ENABLE_DEBUG_INFO = NO;
				SDKROOT = iphoneos;
				SWIFT_OPTIMIZATION_LEVEL = "-Owholemodule";
				TARGETED_DEVICE_FAMILY = "1,2";
				VALIDATE_PRODUCT = YES;
			};
			name = Release;
		};
		1ED4E0351F72E41B0005043A /* Debug */ = {
			isa = XCBuildConfiguration;
			baseConfigurationReference = EE62B1F922C122A37CCE3CF4 /* Pods-ribots.debug.xcconfig */;
			buildSettings = {
				ASSETCATALOG_COMPILER_APPICON_NAME = AppIcon;
				INFOPLIST_FILE = ribots/Info.plist;
				LD_RUNPATH_SEARCH_PATHS = "$(inherited) @executable_path/Frameworks";
				PRODUCT_BUNDLE_IDENTIFIER = com.jano.ribots;
				PRODUCT_NAME = "$(TARGET_NAME)";
				SWIFT_VERSION = 3.0;
			};
			name = Debug;
		};
		1ED4E0361F72E41B0005043A /* Release */ = {
			isa = XCBuildConfiguration;
			baseConfigurationReference = 83747B1FD62FD68C43EF071E /* Pods-ribots.release.xcconfig */;
			buildSettings = {
				ASSETCATALOG_COMPILER_APPICON_NAME = AppIcon;
				INFOPLIST_FILE = ribots/Info.plist;
				LD_RUNPATH_SEARCH_PATHS = "$(inherited) @executable_path/Frameworks";
				PRODUCT_BUNDLE_IDENTIFIER = com.jano.ribots;
				PRODUCT_NAME = "$(TARGET_NAME)";
				SWIFT_VERSION = 3.0;
			};
			name = Release;
		};
		1ED4E0381F72E41B0005043A /* Debug */ = {
			isa = XCBuildConfiguration;
			baseConfigurationReference = 4C0B6B4DE56FE6B3369F381C /* Pods-ribotsTests.debug.xcconfig */;
			buildSettings = {
				ALWAYS_EMBED_SWIFT_STANDARD_LIBRARIES = YES;
				BUNDLE_LOADER = "$(TEST_HOST)";
				INFOPLIST_FILE = ribotsTests/Info.plist;
				LD_RUNPATH_SEARCH_PATHS = "$(inherited) @executable_path/Frameworks @loader_path/Frameworks";
				PRODUCT_BUNDLE_IDENTIFIER = com.jano.ribotsTests;
				PRODUCT_NAME = "$(TARGET_NAME)";
				SWIFT_VERSION = 3.0;
				TEST_HOST = "$(BUILT_PRODUCTS_DIR)/ribots.app/ribots";
			};
			name = Debug;
		};
		1ED4E0391F72E41B0005043A /* Release */ = {
			isa = XCBuildConfiguration;
			baseConfigurationReference = 74B352B531BC40A70A57632E /* Pods-ribotsTests.release.xcconfig */;
			buildSettings = {
				ALWAYS_EMBED_SWIFT_STANDARD_LIBRARIES = YES;
				BUNDLE_LOADER = "$(TEST_HOST)";
				INFOPLIST_FILE = ribotsTests/Info.plist;
				LD_RUNPATH_SEARCH_PATHS = "$(inherited) @executable_path/Frameworks @loader_path/Frameworks";
				PRODUCT_BUNDLE_IDENTIFIER = com.jano.ribotsTests;
				PRODUCT_NAME = "$(TARGET_NAME)";
				SWIFT_VERSION = 3.0;
				TEST_HOST = "$(BUILT_PRODUCTS_DIR)/ribots.app/ribots";
			};
			name = Release;
		};
/* End XCBuildConfiguration section */

/* Begin XCConfigurationList section */
		1ED4E0121F72E41B0005043A /* Build configuration list for PBXProject "ribots" */ = {
			isa = XCConfigurationList;
			buildConfigurations = (
				1ED4E0321F72E41B0005043A /* Debug */,
				1ED4E0331F72E41B0005043A /* Release */,
			);
			defaultConfigurationIsVisible = 0;
			defaultConfigurationName = Release;
		};
		1ED4E0341F72E41B0005043A /* Build configuration list for PBXNativeTarget "ribots" */ = {
			isa = XCConfigurationList;
			buildConfigurations = (
				1ED4E0351F72E41B0005043A /* Debug */,
				1ED4E0361F72E41B0005043A /* Release */,
			);
			defaultConfigurationIsVisible = 0;
			defaultConfigurationName = Release;
		};
		1ED4E0371F72E41B0005043A /* Build configuration list for PBXNativeTarget "ribotsTests" */ = {
			isa = XCConfigurationList;
			buildConfigurations = (
				1ED4E0381F72E41B0005043A /* Debug */,
				1ED4E0391F72E41B0005043A /* Release */,
			);
			defaultConfigurationIsVisible = 0;
			defaultConfigurationName = Release;
		};
/* End XCConfigurationList section */
	};
	rootObject = 1ED4E00F1F72E41B0005043A /* Project object */;
}
